// !$*UTF8*$!
{
	archiveVersion = 1;
	classes = {
	};
	objectVersion = 46;
	objects = {

/* Begin PBXBuildFile section */
		52C0A0BF184A4E9A00174DD5 /* Foundation.framework in Frameworks */ = {isa = PBXBuildFile; fileRef = 52C0A0BE184A4E9A00174DD5 /* Foundation.framework */; };
		52C0A0C1184A4E9A00174DD5 /* CoreGraphics.framework in Frameworks */ = {isa = PBXBuildFile; fileRef = 52C0A0C0184A4E9A00174DD5 /* CoreGraphics.framework */; };
		52C0A0C3184A4E9A00174DD5 /* UIKit.framework in Frameworks */ = {isa = PBXBuildFile; fileRef = 52C0A0C2184A4E9A00174DD5 /* UIKit.framework */; };
		52C0A0C9184A4E9A00174DD5 /* InfoPlist.strings in Resources */ = {isa = PBXBuildFile; fileRef = 52C0A0C7184A4E9A00174DD5 /* InfoPlist.strings */; };
		52C0A0CB184A4E9A00174DD5 /* main.m in Sources */ = {isa = PBXBuildFile; fileRef = 52C0A0CA184A4E9A00174DD5 /* main.m */; };
		52C0A0CF184A4E9A00174DD5 /* SBAppDelegate.m in Sources */ = {isa = PBXBuildFile; fileRef = 52C0A0CE184A4E9A00174DD5 /* SBAppDelegate.m */; };
		52C0A0D2184A4E9A00174DD5 /* Main_iPhone.storyboard in Resources */ = {isa = PBXBuildFile; fileRef = 52C0A0D0184A4E9A00174DD5 /* Main_iPhone.storyboard */; };
		52C0A0D5184A4E9A00174DD5 /* Main_iPad.storyboard in Resources */ = {isa = PBXBuildFile; fileRef = 52C0A0D3184A4E9A00174DD5 /* Main_iPad.storyboard */; };
		52C0A0D8184A4E9A00174DD5 /* SBViewController.m in Sources */ = {isa = PBXBuildFile; fileRef = 52C0A0D7184A4E9A00174DD5 /* SBViewController.m */; };
		52C0A0DA184A4E9A00174DD5 /* Images.xcassets in Resources */ = {isa = PBXBuildFile; fileRef = 52C0A0D9184A4E9A00174DD5 /* Images.xcassets */; };
		52C0A0E1184A4E9A00174DD5 /* XCTest.framework in Frameworks */ = {isa = PBXBuildFile; fileRef = 52C0A0E0184A4E9A00174DD5 /* XCTest.framework */; };
		52C0A0E2184A4E9A00174DD5 /* Foundation.framework in Frameworks */ = {isa = PBXBuildFile; fileRef = 52C0A0BE184A4E9A00174DD5 /* Foundation.framework */; };
		52C0A0E3184A4E9A00174DD5 /* UIKit.framework in Frameworks */ = {isa = PBXBuildFile; fileRef = 52C0A0C2184A4E9A00174DD5 /* UIKit.framework */; };
		52C0A0EB184A4E9A00174DD5 /* InfoPlist.strings in Resources */ = {isa = PBXBuildFile; fileRef = 52C0A0E9184A4E9A00174DD5 /* InfoPlist.strings */; };
		52C0A0ED184A4E9A00174DD5 /* SBRateAppExampleTests.m in Sources */ = {isa = PBXBuildFile; fileRef = 52C0A0EC184A4E9A00174DD5 /* SBRateAppExampleTests.m */; };
		52C0A0F9184A4ED900174DD5 /* SBRateApp.m in Sources */ = {isa = PBXBuildFile; fileRef = 52C0A0F8184A4ED900174DD5 /* SBRateApp.m */; };
/* End PBXBuildFile section */

/* Begin PBXContainerItemProxy section */
		52C0A0E4184A4E9A00174DD5 /* PBXContainerItemProxy */ = {
			isa = PBXContainerItemProxy;
			containerPortal = 52C0A0B3184A4E9A00174DD5 /* Project object */;
			proxyType = 1;
			remoteGlobalIDString = 52C0A0BA184A4E9A00174DD5;
			remoteInfo = SBRateAppExample;
		};
/* End PBXContainerItemProxy section */

/* Begin PBXFileReference section */
		52C0A0BB184A4E9A00174DD5 /* SBRateAppExample.app */ = {isa = PBXFileReference; explicitFileType = wrapper.application; includeInIndex = 0; path = SBRateAppExample.app; sourceTree = BUILT_PRODUCTS_DIR; };
		52C0A0BE184A4E9A00174DD5 /* Foundation.framework */ = {isa = PBXFileReference; lastKnownFileType = wrapper.framework; name = Foundation.framework; path = System/Library/Frameworks/Foundation.framework; sourceTree = SDKROOT; };
		52C0A0C0184A4E9A00174DD5 /* CoreGraphics.framework */ = {isa = PBXFileReference; lastKnownFileType = wrapper.framework; name = CoreGraphics.framework; path = System/Library/Frameworks/CoreGraphics.framework; sourceTree = SDKROOT; };
		52C0A0C2184A4E9A00174DD5 /* UIKit.framework */ = {isa = PBXFileReference; lastKnownFileType = wrapper.framework; name = UIKit.framework; path = System/Library/Frameworks/UIKit.framework; sourceTree = SDKROOT; };
		52C0A0C6184A4E9A00174DD5 /* SBRateAppExample-Info.plist */ = {isa = PBXFileReference; lastKnownFileType = text.plist.xml; path = "SBRateAppExample-Info.plist"; sourceTree = "<group>"; };
		52C0A0C8184A4E9A00174DD5 /* en */ = {isa = PBXFileReference; lastKnownFileType = text.plist.strings; name = en; path = en.lproj/InfoPlist.strings; sourceTree = "<group>"; };
		52C0A0CA184A4E9A00174DD5 /* main.m */ = {isa = PBXFileReference; lastKnownFileType = sourcecode.c.objc; path = main.m; sourceTree = "<group>"; };
		52C0A0CC184A4E9A00174DD5 /* SBRateAppExample-Prefix.pch */ = {isa = PBXFileReference; lastKnownFileType = sourcecode.c.h; path = "SBRateAppExample-Prefix.pch"; sourceTree = "<group>"; };
		52C0A0CD184A4E9A00174DD5 /* SBAppDelegate.h */ = {isa = PBXFileReference; lastKnownFileType = sourcecode.c.h; path = SBAppDelegate.h; sourceTree = "<group>"; };
		52C0A0CE184A4E9A00174DD5 /* SBAppDelegate.m */ = {isa = PBXFileReference; lastKnownFileType = sourcecode.c.objc; path = SBAppDelegate.m; sourceTree = "<group>"; };
		52C0A0D1184A4E9A00174DD5 /* Base */ = {isa = PBXFileReference; lastKnownFileType = file.storyboard; name = Base; path = Base.lproj/Main_iPhone.storyboard; sourceTree = "<group>"; };
		52C0A0D4184A4E9A00174DD5 /* Base */ = {isa = PBXFileReference; lastKnownFileType = file.storyboard; name = Base; path = Base.lproj/Main_iPad.storyboard; sourceTree = "<group>"; };
		52C0A0D6184A4E9A00174DD5 /* SBViewController.h */ = {isa = PBXFileReference; lastKnownFileType = sourcecode.c.h; path = SBViewController.h; sourceTree = "<group>"; };
		52C0A0D7184A4E9A00174DD5 /* SBViewController.m */ = {isa = PBXFileReference; lastKnownFileType = sourcecode.c.objc; path = SBViewController.m; sourceTree = "<group>"; };
		52C0A0D9184A4E9A00174DD5 /* Images.xcassets */ = {isa = PBXFileReference; lastKnownFileType = folder.assetcatalog; path = Images.xcassets; sourceTree = "<group>"; };
		52C0A0DF184A4E9A00174DD5 /* SBRateAppExampleTests.xctest */ = {isa = PBXFileReference; explicitFileType = wrapper.cfbundle; includeInIndex = 0; path = SBRateAppExampleTests.xctest; sourceTree = BUILT_PRODUCTS_DIR; };
		52C0A0E0184A4E9A00174DD5 /* XCTest.framework */ = {isa = PBXFileReference; lastKnownFileType = wrapper.framework; name = XCTest.framework; path = Library/Frameworks/XCTest.framework; sourceTree = DEVELOPER_DIR; };
		52C0A0E8184A4E9A00174DD5 /* SBRateAppExampleTests-Info.plist */ = {isa = PBXFileReference; lastKnownFileType = text.plist.xml; path = "SBRateAppExampleTests-Info.plist"; sourceTree = "<group>"; };
		52C0A0EA184A4E9A00174DD5 /* en */ = {isa = PBXFileReference; lastKnownFileType = text.plist.strings; name = en; path = en.lproj/InfoPlist.strings; sourceTree = "<group>"; };
		52C0A0EC184A4E9A00174DD5 /* SBRateAppExampleTests.m */ = {isa = PBXFileReference; lastKnownFileType = sourcecode.c.objc; path = SBRateAppExampleTests.m; sourceTree = "<group>"; };
		52C0A0F7184A4ED900174DD5 /* SBRateApp.h */ = {isa = PBXFileReference; fileEncoding = 4; lastKnownFileType = sourcecode.c.h; path = SBRateApp.h; sourceTree = "<group>"; };
		52C0A0F8184A4ED900174DD5 /* SBRateApp.m */ = {isa = PBXFileReference; fileEncoding = 4; lastKnownFileType = sourcecode.c.objc; path = SBRateApp.m; sourceTree = "<group>"; };
/* End PBXFileReference section */

/* Begin PBXFrameworksBuildPhase section */
		52C0A0B8184A4E9A00174DD5 /* Frameworks */ = {
			isa = PBXFrameworksBuildPhase;
			buildActionMask = 2147483647;
			files = (
				52C0A0C1184A4E9A00174DD5 /* CoreGraphics.framework in Frameworks */,
				52C0A0C3184A4E9A00174DD5 /* UIKit.framework in Frameworks */,
				52C0A0BF184A4E9A00174DD5 /* Foundation.framework in Frameworks */,
			);
			runOnlyForDeploymentPostprocessing = 0;
		};
		52C0A0DC184A4E9A00174DD5 /* Frameworks */ = {
			isa = PBXFrameworksBuildPhase;
			buildActionMask = 2147483647;
			files = (
				52C0A0E1184A4E9A00174DD5 /* XCTest.framework in Frameworks */,
				52C0A0E3184A4E9A00174DD5 /* UIKit.framework in Frameworks */,
				52C0A0E2184A4E9A00174DD5 /* Foundation.framework in Frameworks */,
			);
			runOnlyForDeploymentPostprocessing = 0;
		};
/* End PBXFrameworksBuildPhase section */

/* Begin PBXGroup section */
		52C0A0B2184A4E9A00174DD5 = {
			isa = PBXGroup;
			children = (
				52C0A0F6184A4ED900174DD5 /* SBRateApp */,
				52C0A0C4184A4E9A00174DD5 /* SBRateAppExample */,
				52C0A0E6184A4E9A00174DD5 /* SBRateAppExampleTests */,
				52C0A0BD184A4E9A00174DD5 /* Frameworks */,
				52C0A0BC184A4E9A00174DD5 /* Products */,
			);
			sourceTree = "<group>";
		};
		52C0A0BC184A4E9A00174DD5 /* Products */ = {
			isa = PBXGroup;
			children = (
				52C0A0BB184A4E9A00174DD5 /* SBRateAppExample.app */,
				52C0A0DF184A4E9A00174DD5 /* SBRateAppExampleTests.xctest */,
			);
			name = Products;
			sourceTree = "<group>";
		};
		52C0A0BD184A4E9A00174DD5 /* Frameworks */ = {
			isa = PBXGroup;
			children = (
				52C0A0BE184A4E9A00174DD5 /* Foundation.framework */,
				52C0A0C0184A4E9A00174DD5 /* CoreGraphics.framework */,
				52C0A0C2184A4E9A00174DD5 /* UIKit.framework */,
				52C0A0E0184A4E9A00174DD5 /* XCTest.framework */,
			);
			name = Frameworks;
			sourceTree = "<group>";
		};
		52C0A0C4184A4E9A00174DD5 /* SBRateAppExample */ = {
			isa = PBXGroup;
			children = (
				52C0A0CD184A4E9A00174DD5 /* SBAppDelegate.h */,
				52C0A0CE184A4E9A00174DD5 /* SBAppDelegate.m */,
				52C0A0FA184A504600174DD5 /* views */,
				52C0A0C5184A4E9A00174DD5 /* Supporting Files */,
			);
			path = SBRateAppExample;
			sourceTree = "<group>";
		};
		52C0A0C5184A4E9A00174DD5 /* Supporting Files */ = {
			isa = PBXGroup;
			children = (
				52C0A0C6184A4E9A00174DD5 /* SBRateAppExample-Info.plist */,
				52C0A0C7184A4E9A00174DD5 /* InfoPlist.strings */,
				52C0A0CA184A4E9A00174DD5 /* main.m */,
				52C0A0CC184A4E9A00174DD5 /* SBRateAppExample-Prefix.pch */,
			);
			name = "Supporting Files";
			sourceTree = "<group>";
		};
		52C0A0E6184A4E9A00174DD5 /* SBRateAppExampleTests */ = {
			isa = PBXGroup;
			children = (
				52C0A0EC184A4E9A00174DD5 /* SBRateAppExampleTests.m */,
				52C0A0E7184A4E9A00174DD5 /* Supporting Files */,
			);
			path = SBRateAppExampleTests;
			sourceTree = "<group>";
		};
		52C0A0E7184A4E9A00174DD5 /* Supporting Files */ = {
			isa = PBXGroup;
			children = (
				52C0A0E8184A4E9A00174DD5 /* SBRateAppExampleTests-Info.plist */,
				52C0A0E9184A4E9A00174DD5 /* InfoPlist.strings */,
			);
			name = "Supporting Files";
			sourceTree = "<group>";
		};
		52C0A0F6184A4ED900174DD5 /* SBRateApp */ = {
			isa = PBXGroup;
			children = (
				52C0A0F7184A4ED900174DD5 /* SBRateApp.h */,
				52C0A0F8184A4ED900174DD5 /* SBRateApp.m */,
			);
			name = SBRateApp;
			path = ../SBRateApp;
			sourceTree = "<group>";
		};
		52C0A0FA184A504600174DD5 /* views */ = {
			isa = PBXGroup;
			children = (
				52C0A0D0184A4E9A00174DD5 /* Main_iPhone.storyboard */,
				52C0A0D3184A4E9A00174DD5 /* Main_iPad.storyboard */,
				52C0A0D6184A4E9A00174DD5 /* SBViewController.h */,
				52C0A0D7184A4E9A00174DD5 /* SBViewController.m */,
				52C0A0D9184A4E9A00174DD5 /* Images.xcassets */,
			);
			name = views;
			sourceTree = "<group>";
		};
/* End PBXGroup section */

/* Begin PBXNativeTarget section */
		52C0A0BA184A4E9A00174DD5 /* SBRateAppExample */ = {
			isa = PBXNativeTarget;
			buildConfigurationList = 52C0A0F0184A4E9A00174DD5 /* Build configuration list for PBXNativeTarget "SBRateAppExample" */;
			buildPhases = (
				52C0A0B7184A4E9A00174DD5 /* Sources */,
				52C0A0B8184A4E9A00174DD5 /* Frameworks */,
				52C0A0B9184A4E9A00174DD5 /* Resources */,
			);
			buildRules = (
			);
			dependencies = (
			);
			name = SBRateAppExample;
			productName = SBRateAppExample;
			productReference = 52C0A0BB184A4E9A00174DD5 /* SBRateAppExample.app */;
			productType = "com.apple.product-type.application";
		};
		52C0A0DE184A4E9A00174DD5 /* SBRateAppExampleTests */ = {
			isa = PBXNativeTarget;
			buildConfigurationList = 52C0A0F3184A4E9A00174DD5 /* Build configuration list for PBXNativeTarget "SBRateAppExampleTests" */;
			buildPhases = (
				52C0A0DB184A4E9A00174DD5 /* Sources */,
				52C0A0DC184A4E9A00174DD5 /* Frameworks */,
				52C0A0DD184A4E9A00174DD5 /* Resources */,
			);
			buildRules = (
			);
			dependencies = (
				52C0A0E5184A4E9A00174DD5 /* PBXTargetDependency */,
			);
			name = SBRateAppExampleTests;
			productName = SBRateAppExampleTests;
			productReference = 52C0A0DF184A4E9A00174DD5 /* SBRateAppExampleTests.xctest */;
			productType = "com.apple.product-type.bundle.unit-test";
		};
/* End PBXNativeTarget section */

/* Begin PBXProject section */
		52C0A0B3184A4E9A00174DD5 /* Project object */ = {
			isa = PBXProject;
			attributes = {
				CLASSPREFIX = SB;
				LastUpgradeCheck = 0500;
				ORGANIZATIONNAME = Busta;
				TargetAttributes = {
					52C0A0DE184A4E9A00174DD5 = {
						TestTargetID = 52C0A0BA184A4E9A00174DD5;
					};
				};
			};
			buildConfigurationList = 52C0A0B6184A4E9A00174DD5 /* Build configuration list for PBXProject "SBRateAppExample" */;
			compatibilityVersion = "Xcode 3.2";
			developmentRegion = English;
			hasScannedForEncodings = 0;
			knownRegions = (
				en,
				Base,
			);
			mainGroup = 52C0A0B2184A4E9A00174DD5;
			productRefGroup = 52C0A0BC184A4E9A00174DD5 /* Products */;
			projectDirPath = "";
			projectRoot = "";
			targets = (
				52C0A0BA184A4E9A00174DD5 /* SBRateAppExample */,
				52C0A0DE184A4E9A00174DD5 /* SBRateAppExampleTests */,
			);
		};
/* End PBXProject section */

/* Begin PBXResourcesBuildPhase section */
		52C0A0B9184A4E9A00174DD5 /* Resources */ = {
			isa = PBXResourcesBuildPhase;
			buildActionMask = 2147483647;
			files = (
				52C0A0D5184A4E9A00174DD5 /* Main_iPad.storyboard in Resources */,
				52C0A0DA184A4E9A00174DD5 /* Images.xcassets in Resources */,
				52C0A0D2184A4E9A00174DD5 /* Main_iPhone.storyboard in Resources */,
				52C0A0C9184A4E9A00174DD5 /* InfoPlist.strings in Resources */,
			);
			runOnlyForDeploymentPostprocessing = 0;
		};
		52C0A0DD184A4E9A00174DD5 /* Resources */ = {
			isa = PBXResourcesBuildPhase;
			buildActionMask = 2147483647;
			files = (
				52C0A0EB184A4E9A00174DD5 /* InfoPlist.strings in Resources */,
			);
			runOnlyForDeploymentPostprocessing = 0;
		};
/* End PBXResourcesBuildPhase section */

/* Begin PBXSourcesBuildPhase section */
		52C0A0B7184A4E9A00174DD5 /* Sources */ = {
			isa = PBXSourcesBuildPhase;
			buildActionMask = 2147483647;
			files = (
				52C0A0F9184A4ED900174DD5 /* SBRateApp.m in Sources */,
				52C0A0CB184A4E9A00174DD5 /* main.m in Sources */,
				52C0A0D8184A4E9A00174DD5 /* SBViewController.m in Sources */,
				52C0A0CF184A4E9A00174DD5 /* SBAppDelegate.m in Sources */,
			);
			runOnlyForDeploymentPostprocessing = 0;
		};
		52C0A0DB184A4E9A00174DD5 /* Sources */ = {
			isa = PBXSourcesBuildPhase;
			buildActionMask = 2147483647;
			files = (
				52C0A0ED184A4E9A00174DD5 /* SBRateAppExampleTests.m in Sources */,
			);
			runOnlyForDeploymentPostprocessing = 0;
		};
/* End PBXSourcesBuildPhase section */

/* Begin PBXTargetDependency section */
		52C0A0E5184A4E9A00174DD5 /* PBXTargetDependency */ = {
			isa = PBXTargetDependency;
			target = 52C0A0BA184A4E9A00174DD5 /* SBRateAppExample */;
			targetProxy = 52C0A0E4184A4E9A00174DD5 /* PBXContainerItemProxy */;
		};
/* End PBXTargetDependency section */

/* Begin PBXVariantGroup section */
		52C0A0C7184A4E9A00174DD5 /* InfoPlist.strings */ = {
			isa = PBXVariantGroup;
			children = (
				52C0A0C8184A4E9A00174DD5 /* en */,
			);
			name = InfoPlist.strings;
			sourceTree = "<group>";
		};
		52C0A0D0184A4E9A00174DD5 /* Main_iPhone.storyboard */ = {
			isa = PBXVariantGroup;
			children = (
				52C0A0D1184A4E9A00174DD5 /* Base */,
			);
			name = Main_iPhone.storyboard;
			sourceTree = "<group>";
		};
		52C0A0D3184A4E9A00174DD5 /* Main_iPad.storyboard */ = {
			isa = PBXVariantGroup;
			children = (
				52C0A0D4184A4E9A00174DD5 /* Base */,
			);
			name = Main_iPad.storyboard;
			sourceTree = "<group>";
		};
		52C0A0E9184A4E9A00174DD5 /* InfoPlist.strings */ = {
			isa = PBXVariantGroup;
			children = (
				52C0A0EA184A4E9A00174DD5 /* en */,
			);
			name = InfoPlist.strings;
			sourceTree = "<group>";
		};
/* End PBXVariantGroup section */

/* Begin XCBuildConfiguration section */
		52C0A0EE184A4E9A00174DD5 /* Debug */ = {
			isa = XCBuildConfiguration;
			buildSettings = {
				ALWAYS_SEARCH_USER_PATHS = NO;
				ARCHS = "$(ARCHS_STANDARD_INCLUDING_64_BIT)";
				CLANG_CXX_LANGUAGE_STANDARD = "gnu++0x";
				CLANG_CXX_LIBRARY = "libc++";
				CLANG_ENABLE_MODULES = YES;
				CLANG_ENABLE_OBJC_ARC = YES;
				CLANG_WARN_BOOL_CONVERSION = YES;
				CLANG_WARN_CONSTANT_CONVERSION = YES;
				CLANG_WARN_DIRECT_OBJC_ISA_USAGE = YES_ERROR;
				CLANG_WARN_EMPTY_BODY = YES;
				CLANG_WARN_ENUM_CONVERSION = YES;
				CLANG_WARN_INT_CONVERSION = YES;
				CLANG_WARN_OBJC_ROOT_CLASS = YES_ERROR;
				CLANG_WARN__DUPLICATE_METHOD_MATCH = YES;
				"CODE_SIGN_IDENTITY[sdk=iphoneos*]" = "iPhone Developer";
				COPY_PHASE_STRIP = NO;
				GCC_C_LANGUAGE_STANDARD = gnu99;
				GCC_DYNAMIC_NO_PIC = NO;
				GCC_OPTIMIZATION_LEVEL = 0;
				GCC_PREPROCESSOR_DEFINITIONS = (
					"DEBUG=1",
					"$(inherited)",
				);
				GCC_SYMBOLS_PRIVATE_EXTERN = NO;
				GCC_WARN_64_TO_32_BIT_CONVERSION = YES;
				GCC_WARN_ABOUT_RETURN_TYPE = YES_ERROR;
				GCC_WARN_UNDECLARED_SELECTOR = YES;
				GCC_WARN_UNINITIALIZED_AUTOS = YES;
				GCC_WARN_UNUSED_FUNCTION = YES;
				GCC_WARN_UNUSED_VARIABLE = YES;
				IPHONEOS_DEPLOYMENT_TARGET = 7.0;
				ONLY_ACTIVE_ARCH = YES;
				SDKROOT = iphoneos;
				TARGETED_DEVICE_FAMILY = "1,2";
			};
			name = Debug;
		};
		52C0A0EF184A4E9A00174DD5 /* Release */ = {
			isa = XCBuildConfiguration;
			buildSettings = {
				ALWAYS_SEARCH_USER_PATHS = NO;
				ARCHS = "$(ARCHS_STANDARD_INCLUDING_64_BIT)";
				CLANG_CXX_LANGUAGE_STANDARD = "gnu++0x";
				CLANG_CXX_LIBRARY = "libc++";
				CLANG_ENABLE_MODULES = YES;
				CLANG_ENABLE_OBJC_ARC = YES;
				CLANG_WARN_BOOL_CONVERSION = YES;
				CLANG_WARN_CONSTANT_CONVERSION = YES;
				CLANG_WARN_DIRECT_OBJC_ISA_USAGE = YES_ERROR;
				CLANG_WARN_EMPTY_BODY = YES;
				CLANG_WARN_ENUM_CONVERSION = YES;
				CLANG_WARN_INT_CONVERSION = YES;
				CLANG_WARN_OBJC_ROOT_CLASS = YES_ERROR;
				CLANG_WARN__DUPLICATE_METHOD_MATCH = YES;
				"CODE_SIGN_IDENTITY[sdk=iphoneos*]" = "iPhone Developer";
				COPY_PHASE_STRIP = YES;
				ENABLE_NS_ASSERTIONS = NO;
				GCC_C_LANGUAGE_STANDARD = gnu99;
				GCC_WARN_64_TO_32_BIT_CONVERSION = YES;
				GCC_WARN_ABOUT_RETURN_TYPE = YES_ERROR;
				GCC_WARN_UNDECLARED_SELECTOR = YES;
				GCC_WARN_UNINITIALIZED_AUTOS = YES;
				GCC_WARN_UNUSED_FUNCTION = YES;
				GCC_WARN_UNUSED_VARIABLE = YES;
				IPHONEOS_DEPLOYMENT_TARGET = 7.0;
				SDKROOT = iphoneos;
				TARGETED_DEVICE_FAMILY = "1,2";
				VALIDATE_PRODUCT = YES;
			};
			name = Release;
		};
		52C0A0F1184A4E9A00174DD5 /* Debug */ = {
			isa = XCBuildConfiguration;
			buildSettings = {
				ASSETCATALOG_COMPILER_APPICON_NAME = AppIcon;
				ASSETCATALOG_COMPILER_LAUNCHIMAGE_NAME = LaunchImage;
				GCC_PRECOMPILE_PREFIX_HEADER = YES;
				GCC_PREFIX_HEADER = "SBRateAppExample/SBRateAppExample-Prefix.pch";
				INFOPLIST_FILE = "SBRateAppExample/SBRateAppExample-Info.plist";
				PRODUCT_NAME = "$(TARGET_NAME)";
				WRAPPER_EXTENSION = app;
			};
			name = Debug;
		};
		52C0A0F2184A4E9A00174DD5 /* Release */ = {
			isa = XCBuildConfiguration;
			buildSettings = {
				ASSETCATALOG_COMPILER_APPICON_NAME = AppIcon;
				ASSETCATALOG_COMPILER_LAUNCHIMAGE_NAME = LaunchImage;
				GCC_PRECOMPILE_PREFIX_HEADER = YES;
				GCC_PREFIX_HEADER = "SBRateAppExample/SBRateAppExample-Prefix.pch";
				INFOPLIST_FILE = "SBRateAppExample/SBRateAppExample-Info.plist";
				PRODUCT_NAME = "$(TARGET_NAME)";
				WRAPPER_EXTENSION = app;
			};
			name = Release;
		};
		52C0A0F4184A4E9A00174DD5 /* Debug */ = {
			isa = XCBuildConfiguration;
			buildSettings = {
				ARCHS = "$(ARCHS_STANDARD_INCLUDING_64_BIT)";
				BUNDLE_LOADER = "$(BUILT_PRODUCTS_DIR)/SBRateAppExample.app/SBRateAppExample";
				FRAMEWORK_SEARCH_PATHS = (
					"$(SDKROOT)/Developer/Library/Frameworks",
					"$(inherited)",
					"$(DEVELOPER_FRAMEWORKS_DIR)",
				);
				GCC_PRECOMPILE_PREFIX_HEADER = YES;
				GCC_PREFIX_HEADER = "SBRateAppExample/SBRateAppExample-Prefix.pch";
				GCC_PREPROCESSOR_DEFINITIONS = (
					"DEBUG=1",
					"$(inherited)",
				);
				INFOPLIST_FILE = "SBRateAppExampleTests/SBRateAppExampleTests-Info.plist";
				PRODUCT_NAME = "$(TARGET_NAME)";
				TEST_HOST = "$(BUNDLE_LOADER)";
				WRAPPER_EXTENSION = xctest;
			};
			name = Debug;
		};
		52C0A0F5184A4E9A00174DD5 /* Release */ = {
			isa = XCBuildConfiguration;
			buildSettings = {
				ARCHS = "$(ARCHS_STANDARD_INCLUDING_64_BIT)";
				BUNDLE_LOADER = "$(BUILT_PRODUCTS_DIR)/SBRateAppExample.app/SBRateAppExample";
				FRAMEWORK_SEARCH_PATHS = (
					"$(SDKROOT)/Developer/Library/Frameworks",
					"$(inherited)",
					"$(DEVELOPER_FRAMEWORKS_DIR)",
				);
				GCC_PRECOMPILE_PREFIX_HEADER = YES;
				GCC_PREFIX_HEADER = "SBRateAppExample/SBRateAppExample-Prefix.pch";
				INFOPLIST_FILE = "SBRateAppExampleTests/SBRateAppExampleTests-Info.plist";
				PRODUCT_NAME = "$(TARGET_NAME)";
				TEST_HOST = "$(BUNDLE_LOADER)";
				WRAPPER_EXTENSION = xctest;
			};
			name = Release;
		};
/* End XCBuildConfiguration section */

/* Begin XCConfigurationList section */
		52C0A0B6184A4E9A00174DD5 /* Build configuration list for PBXProject "SBRateAppExample" */ = {
			isa = XCConfigurationList;
			buildConfigurations = (
				52C0A0EE184A4E9A00174DD5 /* Debug */,
				52C0A0EF184A4E9A00174DD5 /* Release */,
			);
			defaultConfigurationIsVisible = 0;
			defaultConfigurationName = Release;
		};
		52C0A0F0184A4E9A00174DD5 /* Build configuration list for PBXNativeTarget "SBRateAppExample" */ = {
			isa = XCConfigurationList;
			buildConfigurations = (
				52C0A0F1184A4E9A00174DD5 /* Debug */,
				52C0A0F2184A4E9A00174DD5 /* Release */,
			);
			defaultConfigurationIsVisible = 0;
		};
		52C0A0F3184A4E9A00174DD5 /* Build configuration list for PBXNativeTarget "SBRateAppExampleTests" */ = {
			isa = XCConfigurationList;
			buildConfigurations = (
				52C0A0F4184A4E9A00174DD5 /* Debug */,
				52C0A0F5184A4E9A00174DD5 /* Release */,
			);
			defaultConfigurationIsVisible = 0;
		};
/* End XCConfigurationList section */
	};
	rootObject = 52C0A0B3184A4E9A00174DD5 /* Project object */;
}
